
Microsoft Visual Studio Solution File, Format Version 12.00
# Visual Studio Version 16
VisualStudioVersion = 25.0.1706.0
MinimumVisualStudioVersion = 10.0.40219.1
Project("{FAE04EC0-301F-11D3-BF4B-00C04F79EFBC}") = "Travel cost", "Travel cost\Travel cost.csproj", "{FA536025-91E6-44F8-906E-4CD5C57F7D8D}"
EndProject
Global
	GlobalSection(SolutionConfigurationPlatforms) = preSolution
		Debug|Any CPU = Debug|Any CPU
		Release|Any CPU = Release|Any CPU
	EndGlobalSection
	GlobalSection(ProjectConfigurationPlatforms) = postSolution
		{FA536025-91E6-44F8-906E-4CD5C57F7D8D}.Debug|Any CPU.ActiveCfg = Debug|Any CPU
		{FA536025-91E6-44F8-906E-4CD5C57F7D8D}.Debug|Any CPU.Build.0 = Debug|Any CPU
		{FA536025-91E6-44F8-906E-4CD5C57F7D8D}.Release|Any CPU.ActiveCfg = Release|Any CPU
		{FA536025-91E6-44F8-906E-4CD5C57F7D8D}.Release|Any CPU.Build.0 = Release|Any CPU
	EndGlobalSection
	GlobalSection(SolutionProperties) = preSolution
		HideSolutionNode = FALSE
	EndGlobalSection
	GlobalSection(ExtensibilityGlobals) = postSolution
		SolutionGuid = {06E75890-CD76-42ED-A04B-7ECC09BC33DF}
	EndGlobalSection
EndGlobal
